// !$*UTF8*$!
{
	archiveVersion = 1;
	classes = {
	};
	objectVersion = 46;
	objects = {

/* Begin PBXBuildFile section */
		50A3A7661A7F505D00272B52 /* main.m in Sources */ = {isa = PBXBuildFile; fileRef = 50A3A7651A7F505D00272B52 /* main.m */; };
		50A3A7691A7F505D00272B52 /* AppDelegate.m in Sources */ = {isa = PBXBuildFile; fileRef = 50A3A7681A7F505D00272B52 /* AppDelegate.m */; };
		50A3A76C1A7F505D00272B52 /* WaterfallDemoViewController.m in Sources */ = {isa = PBXBuildFile; fileRef = 50A3A76B1A7F505D00272B52 /* WaterfallDemoViewController.m */; };
		50A3A76F1A7F505D00272B52 /* Main.storyboard in Resources */ = {isa = PBXBuildFile; fileRef = 50A3A76D1A7F505D00272B52 /* Main.storyboard */; };
		50A3A7711A7F505D00272B52 /* Images.xcassets in Resources */ = {isa = PBXBuildFile; fileRef = 50A3A7701A7F505D00272B52 /* Images.xcassets */; };
		50A3A7741A7F505D00272B52 /* LaunchScreen.xib in Resources */ = {isa = PBXBuildFile; fileRef = 50A3A7721A7F505D00272B52 /* LaunchScreen.xib */; };
		50A3A7801A7F505D00272B52 /* ZHJWaterfallTests.m in Sources */ = {isa = PBXBuildFile; fileRef = 50A3A77F1A7F505D00272B52 /* ZHJWaterfallTests.m */; };
		50A3A7941A7F516000272B52 /* EGOLoadMoreTableFooterView.m in Sources */ = {isa = PBXBuildFile; fileRef = 50A3A78B1A7F516000272B52 /* EGOLoadMoreTableFooterView.m */; };
		50A3A7951A7F516100272B52 /* EGORefreshTableHeaderView.m in Sources */ = {isa = PBXBuildFile; fileRef = 50A3A78D1A7F516000272B52 /* EGORefreshTableHeaderView.m */; };
		50A3A7961A7F516100272B52 /* SWaterFallTableCell.m in Sources */ = {isa = PBXBuildFile; fileRef = 50A3A78F1A7F516000272B52 /* SWaterFallTableCell.m */; };
		50A3A7971A7F516100272B52 /* SWaterFallTableCellLayout.m in Sources */ = {isa = PBXBuildFile; fileRef = 50A3A7911A7F516000272B52 /* SWaterFallTableCellLayout.m */; };
		50A3A7981A7F516100272B52 /* SWaterFallTableView.m in Sources */ = {isa = PBXBuildFile; fileRef = 50A3A7931A7F516000272B52 /* SWaterFallTableView.m */; };
		50A3A79B1A7F518100272B52 /* UIView+SAdditions.m in Sources */ = {isa = PBXBuildFile; fileRef = 50A3A79A1A7F518100272B52 /* UIView+SAdditions.m */; };
		50A3A79F1A7F527800272B52 /* TestWaterfallTableCell.m in Sources */ = {isa = PBXBuildFile; fileRef = 50A3A79D1A7F527800272B52 /* TestWaterfallTableCell.m */; };
		50A3A7A01A7F527800272B52 /* TestWaterfallTableCell.xib in Resources */ = {isa = PBXBuildFile; fileRef = 50A3A79E1A7F527800272B52 /* TestWaterfallTableCell.xib */; };
		50A3A7A21A7F536F00272B52 /* pictures.txt in Resources */ = {isa = PBXBuildFile; fileRef = 50A3A7A11A7F536F00272B52 /* pictures.txt */; };
		50A3A7A51A7F538300272B52 /* ImageInfoModel.m in Sources */ = {isa = PBXBuildFile; fileRef = 50A3A7A41A7F538300272B52 /* ImageInfoModel.m */; };
		763B98B88E26B68DA9815F1F /* libPods.a in Frameworks */ = {isa = PBXBuildFile; fileRef = 785A2E024F113CD9FF4D9EFD /* libPods.a */; };
/* End PBXBuildFile section */

/* Begin PBXContainerItemProxy section */
		50A3A77A1A7F505D00272B52 /* PBXContainerItemProxy */ = {
			isa = PBXContainerItemProxy;
			containerPortal = 50A3A7581A7F505D00272B52 /* Project object */;
			proxyType = 1;
			remoteGlobalIDString = 50A3A75F1A7F505D00272B52;
			remoteInfo = ZHJWaterfall;
		};
/* End PBXContainerItemProxy section */

/* Begin PBXFileReference section */
		410403382C85673736F97229 /* Pods.debug.xcconfig */ = {isa = PBXFileReference; includeInIndex = 1; lastKnownFileType = text.xcconfig; name = Pods.debug.xcconfig; path = "Pods/Target Support Files/Pods/Pods.debug.xcconfig"; sourceTree = "<group>"; };
		50A3A7601A7F505D00272B52 /* ZHJWaterfall.app */ = {isa = PBXFileReference; explicitFileType = wrapper.application; includeInIndex = 0; path = ZHJWaterfall.app; sourceTree = BUILT_PRODUCTS_DIR; };
		50A3A7641A7F505D00272B52 /* Info.plist */ = {isa = PBXFileReference; lastKnownFileType = text.plist.xml; path = Info.plist; sourceTree = "<group>"; };
		50A3A7651A7F505D00272B52 /* main.m */ = {isa = PBXFileReference; lastKnownFileType = sourcecode.c.objc; path = main.m; sourceTree = "<group>"; };
		50A3A7671A7F505D00272B52 /* AppDelegate.h */ = {isa = PBXFileReference; lastKnownFileType = sourcecode.c.h; path = AppDelegate.h; sourceTree = "<group>"; };
		50A3A7681A7F505D00272B52 /* AppDelegate.m */ = {isa = PBXFileReference; lastKnownFileType = sourcecode.c.objc; path = AppDelegate.m; sourceTree = "<group>"; };
		50A3A76A1A7F505D00272B52 /* WaterfallDemoViewController.h */ = {isa = PBXFileReference; lastKnownFileType = sourcecode.c.h; path = WaterfallDemoViewController.h; sourceTree = "<group>"; };
		50A3A76B1A7F505D00272B52 /* WaterfallDemoViewController.m */ = {isa = PBXFileReference; lastKnownFileType = sourcecode.c.objc; path = WaterfallDemoViewController.m; sourceTree = "<group>"; };
		50A3A76E1A7F505D00272B52 /* Base */ = {isa = PBXFileReference; lastKnownFileType = file.storyboard; name = Base; path = Base.lproj/Main.storyboard; sourceTree = "<group>"; };
		50A3A7701A7F505D00272B52 /* Images.xcassets */ = {isa = PBXFileReference; lastKnownFileType = folder.assetcatalog; path = Images.xcassets; sourceTree = "<group>"; };
		50A3A7731A7F505D00272B52 /* Base */ = {isa = PBXFileReference; lastKnownFileType = file.xib; name = Base; path = Base.lproj/LaunchScreen.xib; sourceTree = "<group>"; };
		50A3A7791A7F505D00272B52 /* ZHJWaterfallTests.xctest */ = {isa = PBXFileReference; explicitFileType = wrapper.cfbundle; includeInIndex = 0; path = ZHJWaterfallTests.xctest; sourceTree = BUILT_PRODUCTS_DIR; };
		50A3A77E1A7F505D00272B52 /* Info.plist */ = {isa = PBXFileReference; lastKnownFileType = text.plist.xml; path = Info.plist; sourceTree = "<group>"; };
		50A3A77F1A7F505D00272B52 /* ZHJWaterfallTests.m */ = {isa = PBXFileReference; lastKnownFileType = sourcecode.c.objc; path = ZHJWaterfallTests.m; sourceTree = "<group>"; };
		50A3A78A1A7F516000272B52 /* EGOLoadMoreTableFooterView.h */ = {isa = PBXFileReference; fileEncoding = 4; lastKnownFileType = sourcecode.c.h; path = EGOLoadMoreTableFooterView.h; sourceTree = "<group>"; };
		50A3A78B1A7F516000272B52 /* EGOLoadMoreTableFooterView.m */ = {isa = PBXFileReference; fileEncoding = 4; lastKnownFileType = sourcecode.c.objc; path = EGOLoadMoreTableFooterView.m; sourceTree = "<group>"; };
		50A3A78C1A7F516000272B52 /* EGORefreshTableHeaderView.h */ = {isa = PBXFileReference; fileEncoding = 4; lastKnownFileType = sourcecode.c.h; path = EGORefreshTableHeaderView.h; sourceTree = "<group>"; };
		50A3A78D1A7F516000272B52 /* EGORefreshTableHeaderView.m */ = {isa = PBXFileReference; fileEncoding = 4; lastKnownFileType = sourcecode.c.objc; path = EGORefreshTableHeaderView.m; sourceTree = "<group>"; };
		50A3A78E1A7F516000272B52 /* SWaterFallTableCell.h */ = {isa = PBXFileReference; fileEncoding = 4; lastKnownFileType = sourcecode.c.h; path = SWaterFallTableCell.h; sourceTree = "<group>"; };
		50A3A78F1A7F516000272B52 /* SWaterFallTableCell.m */ = {isa = PBXFileReference; fileEncoding = 4; lastKnownFileType = sourcecode.c.objc; path = SWaterFallTableCell.m; sourceTree = "<group>"; };
		50A3A7901A7F516000272B52 /* SWaterFallTableCellLayout.h */ = {isa = PBXFileReference; fileEncoding = 4; lastKnownFileType = sourcecode.c.h; path = SWaterFallTableCellLayout.h; sourceTree = "<group>"; };
		50A3A7911A7F516000272B52 /* SWaterFallTableCellLayout.m */ = {isa = PBXFileReference; fileEncoding = 4; lastKnownFileType = sourcecode.c.objc; path = SWaterFallTableCellLayout.m; sourceTree = "<group>"; };
		50A3A7921A7F516000272B52 /* SWaterFallTableView.h */ = {isa = PBXFileReference; fileEncoding = 4; lastKnownFileType = sourcecode.c.h; path = SWaterFallTableView.h; sourceTree = "<group>"; };
		50A3A7931A7F516000272B52 /* SWaterFallTableView.m */ = {isa = PBXFileReference; fileEncoding = 4; lastKnownFileType = sourcecode.c.objc; path = SWaterFallTableView.m; sourceTree = "<group>"; };
		50A3A7991A7F518100272B52 /* UIView+SAdditions.h */ = {isa = PBXFileReference; fileEncoding = 4; lastKnownFileType = sourcecode.c.h; path = "UIView+SAdditions.h"; sourceTree = "<group>"; };
		50A3A79A1A7F518100272B52 /* UIView+SAdditions.m */ = {isa = PBXFileReference; fileEncoding = 4; lastKnownFileType = sourcecode.c.objc; path = "UIView+SAdditions.m"; sourceTree = "<group>"; };
		50A3A79C1A7F527800272B52 /* TestWaterfallTableCell.h */ = {isa = PBXFileReference; fileEncoding = 4; lastKnownFileType = sourcecode.c.h; path = TestWaterfallTableCell.h; sourceTree = "<group>"; };
		50A3A79D1A7F527800272B52 /* TestWaterfallTableCell.m */ = {isa = PBXFileReference; fileEncoding = 4; lastKnownFileType = sourcecode.c.objc; path = TestWaterfallTableCell.m; sourceTree = "<group>"; };
		50A3A79E1A7F527800272B52 /* TestWaterfallTableCell.xib */ = {isa = PBXFileReference; fileEncoding = 4; lastKnownFileType = file.xib; path = TestWaterfallTableCell.xib; sourceTree = "<group>"; };
		50A3A7A11A7F536F00272B52 /* pictures.txt */ = {isa = PBXFileReference; fileEncoding = 4; lastKnownFileType = text; path = pictures.txt; sourceTree = "<group>"; };
		50A3A7A31A7F538300272B52 /* ImageInfoModel.h */ = {isa = PBXFileReference; fileEncoding = 4; lastKnownFileType = sourcecode.c.h; path = ImageInfoModel.h; sourceTree = "<group>"; };
		50A3A7A41A7F538300272B52 /* ImageInfoModel.m */ = {isa = PBXFileReference; fileEncoding = 4; lastKnownFileType = sourcecode.c.objc; path = ImageInfoModel.m; sourceTree = "<group>"; };
		785A2E024F113CD9FF4D9EFD /* libPods.a */ = {isa = PBXFileReference; explicitFileType = archive.ar; includeInIndex = 0; path = libPods.a; sourceTree = BUILT_PRODUCTS_DIR; };
		9A58E8A4A5A7A8673CE8E6EC /* Pods.release.xcconfig */ = {isa = PBXFileReference; includeInIndex = 1; lastKnownFileType = text.xcconfig; name = Pods.release.xcconfig; path = "Pods/Target Support Files/Pods/Pods.release.xcconfig"; sourceTree = "<group>"; };
/* End PBXFileReference section */

/* Begin PBXFrameworksBuildPhase section */
		50A3A75D1A7F505D00272B52 /* Frameworks */ = {
			isa = PBXFrameworksBuildPhase;
			buildActionMask = 2147483647;
			files = (
				763B98B88E26B68DA9815F1F /* libPods.a in Frameworks */,
			);
			runOnlyForDeploymentPostprocessing = 0;
		};
		50A3A7761A7F505D00272B52 /* Frameworks */ = {
			isa = PBXFrameworksBuildPhase;
			buildActionMask = 2147483647;
			files = (
			);
			runOnlyForDeploymentPostprocessing = 0;
		};
/* End PBXFrameworksBuildPhase section */

/* Begin PBXGroup section */
		025364CDA7724D54AC2B13AD /* Pods */ = {
			isa = PBXGroup;
			children = (
				410403382C85673736F97229 /* Pods.debug.xcconfig */,
				9A58E8A4A5A7A8673CE8E6EC /* Pods.release.xcconfig */,
			);
			name = Pods;
			sourceTree = "<group>";
		};
		50971EC51A7F5D7F00C584EE /* Demo */ = {
			isa = PBXGroup;
			children = (
				50A3A7671A7F505D00272B52 /* AppDelegate.h */,
				50A3A7681A7F505D00272B52 /* AppDelegate.m */,
				50A3A76A1A7F505D00272B52 /* WaterfallDemoViewController.h */,
				50A3A76B1A7F505D00272B52 /* WaterfallDemoViewController.m */,
				50A3A79C1A7F527800272B52 /* TestWaterfallTableCell.h */,
				50A3A79D1A7F527800272B52 /* TestWaterfallTableCell.m */,
				50A3A79E1A7F527800272B52 /* TestWaterfallTableCell.xib */,
				50A3A7A31A7F538300272B52 /* ImageInfoModel.h */,
				50A3A7A41A7F538300272B52 /* ImageInfoModel.m */,
			);
			name = Demo;
			sourceTree = "<group>";
		};
		50A3A7571A7F505D00272B52 = {
			isa = PBXGroup;
			children = (
				50A3A7621A7F505D00272B52 /* ZHJWaterfall */,
				50A3A77C1A7F505D00272B52 /* ZHJWaterfallTests */,
				50A3A7611A7F505D00272B52 /* Products */,
				025364CDA7724D54AC2B13AD /* Pods */,
				F0229FF33CD641CE66F688AE /* Frameworks */,
			);
			sourceTree = "<group>";
		};
		50A3A7611A7F505D00272B52 /* Products */ = {
			isa = PBXGroup;
			children = (
				50A3A7601A7F505D00272B52 /* ZHJWaterfall.app */,
				50A3A7791A7F505D00272B52 /* ZHJWaterfallTests.xctest */,
			);
			name = Products;
			sourceTree = "<group>";
		};
		50A3A7621A7F505D00272B52 /* ZHJWaterfall */ = {
			isa = PBXGroup;
			children = (
				50971EC51A7F5D7F00C584EE /* Demo */,
				50A3A7891A7F516000272B52 /* Waterfall */,
				50A3A76D1A7F505D00272B52 /* Main.storyboard */,
				50A3A7721A7F505D00272B52 /* LaunchScreen.xib */,
				50A3A7701A7F505D00272B52 /* Images.xcassets */,
				50A3A7631A7F505D00272B52 /* Supporting Files */,
			);
			path = ZHJWaterfall;
			sourceTree = "<group>";
		};
		50A3A7631A7F505D00272B52 /* Supporting Files */ = {
			isa = PBXGroup;
			children = (
				50A3A7A11A7F536F00272B52 /* pictures.txt */,
				50A3A7641A7F505D00272B52 /* Info.plist */,
				50A3A7651A7F505D00272B52 /* main.m */,
			);
			name = "Supporting Files";
			sourceTree = "<group>";
		};
		50A3A77C1A7F505D00272B52 /* ZHJWaterfallTests */ = {
			isa = PBXGroup;
			children = (
				50A3A77F1A7F505D00272B52 /* ZHJWaterfallTests.m */,
				50A3A77D1A7F505D00272B52 /* Supporting Files */,
			);
			path = ZHJWaterfallTests;
			sourceTree = "<group>";
		};
		50A3A77D1A7F505D00272B52 /* Supporting Files */ = {
			isa = PBXGroup;
			children = (
				50A3A77E1A7F505D00272B52 /* Info.plist */,
			);
			name = "Supporting Files";
			sourceTree = "<group>";
		};
		50A3A7891A7F516000272B52 /* Waterfall */ = {
			isa = PBXGroup;
			children = (
				50A3A7991A7F518100272B52 /* UIView+SAdditions.h */,
				50A3A79A1A7F518100272B52 /* UIView+SAdditions.m */,
				50A3A78A1A7F516000272B52 /* EGOLoadMoreTableFooterView.h */,
				50A3A78B1A7F516000272B52 /* EGOLoadMoreTableFooterView.m */,
				50A3A78C1A7F516000272B52 /* EGORefreshTableHeaderView.h */,
				50A3A78D1A7F516000272B52 /* EGORefreshTableHeaderView.m */,
				50A3A78E1A7F516000272B52 /* SWaterFallTableCell.h */,
				50A3A78F1A7F516000272B52 /* SWaterFallTableCell.m */,
				50A3A7901A7F516000272B52 /* SWaterFallTableCellLayout.h */,
				50A3A7911A7F516000272B52 /* SWaterFallTableCellLayout.m */,
				50A3A7921A7F516000272B52 /* SWaterFallTableView.h */,
				50A3A7931A7F516000272B52 /* SWaterFallTableView.m */,
			);
			path = Waterfall;
			sourceTree = "<group>";
		};
		F0229FF33CD641CE66F688AE /* Frameworks */ = {
			isa = PBXGroup;
			children = (
				785A2E024F113CD9FF4D9EFD /* libPods.a */,
			);
			name = Frameworks;
			sourceTree = "<group>";
		};
/* End PBXGroup section */

/* Begin PBXNativeTarget section */
		50A3A75F1A7F505D00272B52 /* ZHJWaterfall */ = {
			isa = PBXNativeTarget;
			buildConfigurationList = 50A3A7831A7F505D00272B52 /* Build configuration list for PBXNativeTarget "ZHJWaterfall" */;
			buildPhases = (
				30A48713E989AC023C85394D /* Check Pods Manifest.lock */,
				50A3A75C1A7F505D00272B52 /* Sources */,
				50A3A75D1A7F505D00272B52 /* Frameworks */,
				50A3A75E1A7F505D00272B52 /* Resources */,
				DADE6F19B1B52641144762C1 /* Copy Pods Resources */,
			);
			buildRules = (
			);
			dependencies = (
			);
			name = ZHJWaterfall;
			productName = ZHJWaterfall;
			productReference = 50A3A7601A7F505D00272B52 /* ZHJWaterfall.app */;
			productType = "com.apple.product-type.application";
		};
		50A3A7781A7F505D00272B52 /* ZHJWaterfallTests */ = {
			isa = PBXNativeTarget;
			buildConfigurationList = 50A3A7861A7F505D00272B52 /* Build configuration list for PBXNativeTarget "ZHJWaterfallTests" */;
			buildPhases = (
				50A3A7751A7F505D00272B52 /* Sources */,
				50A3A7761A7F505D00272B52 /* Frameworks */,
				50A3A7771A7F505D00272B52 /* Resources */,
			);
			buildRules = (
			);
			dependencies = (
				50A3A77B1A7F505D00272B52 /* PBXTargetDependency */,
			);
			name = ZHJWaterfallTests;
			productName = ZHJWaterfallTests;
			productReference = 50A3A7791A7F505D00272B52 /* ZHJWaterfallTests.xctest */;
			productType = "com.apple.product-type.bundle.unit-test";
		};
/* End PBXNativeTarget section */

/* Begin PBXProject section */
		50A3A7581A7F505D00272B52 /* Project object */ = {
			isa = PBXProject;
			attributes = {
				LastUpgradeCheck = 0620;
				ORGANIZATIONNAME = Sword;
				TargetAttributes = {
					50A3A75F1A7F505D00272B52 = {
						CreatedOnToolsVersion = 6.2;
					};
					50A3A7781A7F505D00272B52 = {
						CreatedOnToolsVersion = 6.2;
						TestTargetID = 50A3A75F1A7F505D00272B52;
					};
				};
			};
			buildConfigurationList = 50A3A75B1A7F505D00272B52 /* Build configuration list for PBXProject "ZHJWaterfall" */;
			compatibilityVersion = "Xcode 3.2";
			developmentRegion = English;
			hasScannedForEncodings = 0;
			knownRegions = (
				en,
				Base,
			);
			mainGroup = 50A3A7571A7F505D00272B52;
			productRefGroup = 50A3A7611A7F505D00272B52 /* Products */;
			projectDirPath = "";
			projectRoot = "";
			targets = (
				50A3A75F1A7F505D00272B52 /* ZHJWaterfall */,
				50A3A7781A7F505D00272B52 /* ZHJWaterfallTests */,
			);
		};
/* End PBXProject section */

/* Begin PBXResourcesBuildPhase section */
		50A3A75E1A7F505D00272B52 /* Resources */ = {
			isa = PBXResourcesBuildPhase;
			buildActionMask = 2147483647;
			files = (
				50A3A76F1A7F505D00272B52 /* Main.storyboard in Resources */,
				50A3A7A01A7F527800272B52 /* TestWaterfallTableCell.xib in Resources */,
				50A3A7A21A7F536F00272B52 /* pictures.txt in Resources */,
				50A3A7741A7F505D00272B52 /* LaunchScreen.xib in Resources */,
				50A3A7711A7F505D00272B52 /* Images.xcassets in Resources */,
			);
			runOnlyForDeploymentPostprocessing = 0;
		};
		50A3A7771A7F505D00272B52 /* Resources */ = {
			isa = PBXResourcesBuildPhase;
			buildActionMask = 2147483647;
			files = (
			);
			runOnlyForDeploymentPostprocessing = 0;
		};
/* End PBXResourcesBuildPhase section */

/* Begin PBXShellScriptBuildPhase section */
		30A48713E989AC023C85394D /* Check Pods Manifest.lock */ = {
			isa = PBXShellScriptBuildPhase;
			buildActionMask = 2147483647;
			files = (
			);
			inputPaths = (
			);
			name = "Check Pods Manifest.lock";
			outputPaths = (
			);
			runOnlyForDeploymentPostprocessing = 0;
			shellPath = /bin/sh;
			shellScript = "diff \"${PODS_ROOT}/../Podfile.lock\" \"${PODS_ROOT}/Manifest.lock\" > /dev/null\nif [[ $? != 0 ]] ; then\n    cat << EOM\nerror: The sandbox is not in sync with the Podfile.lock. Run 'pod install' or update your CocoaPods installation.\nEOM\n    exit 1\nfi\n";
			showEnvVarsInLog = 0;
		};
		DADE6F19B1B52641144762C1 /* Copy Pods Resources */ = {
			isa = PBXShellScriptBuildPhase;
			buildActionMask = 2147483647;
			files = (
			);
			inputPaths = (
			);
			name = "Copy Pods Resources";
			outputPaths = (
			);
			runOnlyForDeploymentPostprocessing = 0;
			shellPath = /bin/sh;
			shellScript = "\"${SRCROOT}/Pods/Target Support Files/Pods/Pods-resources.sh\"\n";
			showEnvVarsInLog = 0;
		};
/* End PBXShellScriptBuildPhase section */

/* Begin PBXSourcesBuildPhase section */
		50A3A75C1A7F505D00272B52 /* Sources */ = {
			isa = PBXSourcesBuildPhase;
			buildActionMask = 2147483647;
			files = (
				50A3A7981A7F516100272B52 /* SWaterFallTableView.m in Sources */,
				50A3A76C1A7F505D00272B52 /* WaterfallDemoViewController.m in Sources */,
				50A3A7961A7F516100272B52 /* SWaterFallTableCell.m in Sources */,
				50A3A7A51A7F538300272B52 /* ImageInfoModel.m in Sources */,
				50A3A7941A7F516000272B52 /* EGOLoadMoreTableFooterView.m in Sources */,
				50A3A7951A7F516100272B52 /* EGORefreshTableHeaderView.m in Sources */,
				50A3A79B1A7F518100272B52 /* UIView+SAdditions.m in Sources */,
				50A3A7971A7F516100272B52 /* SWaterFallTableCellLayout.m in Sources */,
				50A3A79F1A7F527800272B52 /* TestWaterfallTableCell.m in Sources */,
				50A3A7691A7F505D00272B52 /* AppDelegate.m in Sources */,
				50A3A7661A7F505D00272B52 /* main.m in Sources */,
			);
			runOnlyForDeploymentPostprocessing = 0;
		};
		50A3A7751A7F505D00272B52 /* Sources */ = {
			isa = PBXSourcesBuildPhase;
			buildActionMask = 2147483647;
			files = (
				50A3A7801A7F505D00272B52 /* ZHJWaterfallTests.m in Sources */,
			);
			runOnlyForDeploymentPostprocessing = 0;
		};
/* End PBXSourcesBuildPhase section */

/* Begin PBXTargetDependency section */
		50A3A77B1A7F505D00272B52 /* PBXTargetDependency */ = {
			isa = PBXTargetDependency;
			target = 50A3A75F1A7F505D00272B52 /* ZHJWaterfall */;
			targetProxy = 50A3A77A1A7F505D00272B52 /* PBXContainerItemProxy */;
		};
/* End PBXTargetDependency section */

/* Begin PBXVariantGroup section */
		50A3A76D1A7F505D00272B52 /* Main.storyboard */ = {
			isa = PBXVariantGroup;
			children = (
				50A3A76E1A7F505D00272B52 /* Base */,
			);
			name = Main.storyboard;
			sourceTree = "<group>";
		};
		50A3A7721A7F505D00272B52 /* LaunchScreen.xib */ = {
			isa = PBXVariantGroup;
			children = (
				50A3A7731A7F505D00272B52 /* Base */,
			);
			name = LaunchScreen.xib;
			sourceTree = "<group>";
		};
/* End PBXVariantGroup section */

/* Begin XCBuildConfiguration section */
		50A3A7811A7F505D00272B52 /* Debug */ = {
			isa = XCBuildConfiguration;
			buildSettings = {
				ALWAYS_SEARCH_USER_PATHS = NO;
				CLANG_CXX_LANGUAGE_STANDARD = "gnu++0x";
				CLANG_CXX_LIBRARY = "libc++";
				CLANG_ENABLE_MODULES = YES;
				CLANG_ENABLE_OBJC_ARC = YES;
				CLANG_WARN_BOOL_CONVERSION = YES;
				CLANG_WARN_CONSTANT_CONVERSION = YES;
				CLANG_WARN_DIRECT_OBJC_ISA_USAGE = YES_ERROR;
				CLANG_WARN_EMPTY_BODY = YES;
				CLANG_WARN_ENUM_CONVERSION = YES;
				CLANG_WARN_INT_CONVERSION = YES;
				CLANG_WARN_OBJC_ROOT_CLASS = YES_ERROR;
				CLANG_WARN_UNREACHABLE_CODE = YES;
				CLANG_WARN__DUPLICATE_METHOD_MATCH = YES;
				"CODE_SIGN_IDENTITY[sdk=iphoneos*]" = "iPhone Developer";
				COPY_PHASE_STRIP = NO;
				ENABLE_STRICT_OBJC_MSGSEND = YES;
				GCC_C_LANGUAGE_STANDARD = gnu99;
				GCC_DYNAMIC_NO_PIC = NO;
				GCC_OPTIMIZATION_LEVEL = 0;
				GCC_PREPROCESSOR_DEFINITIONS = (
					"DEBUG=1",
					"$(inherited)",
				);
				GCC_SYMBOLS_PRIVATE_EXTERN = NO;
				GCC_WARN_64_TO_32_BIT_CONVERSION = YES;
				GCC_WARN_ABOUT_RETURN_TYPE = YES_ERROR;
				GCC_WARN_UNDECLARED_SELECTOR = YES;
				GCC_WARN_UNINITIALIZED_AUTOS = YES_AGGRESSIVE;
				GCC_WARN_UNUSED_FUNCTION = YES;
				GCC_WARN_UNUSED_VARIABLE = YES;
				IPHONEOS_DEPLOYMENT_TARGET = 8.2;
				MTL_ENABLE_DEBUG_INFO = YES;
				ONLY_ACTIVE_ARCH = YES;
				SDKROOT = iphoneos;
			};
			name = Debug;
		};
		50A3A7821A7F505D00272B52 /* Release */ = {
			isa = XCBuildConfiguration;
			buildSettings = {
				ALWAYS_SEARCH_USER_PATHS = NO;
				CLANG_CXX_LANGUAGE_STANDARD = "gnu++0x";
				CLANG_CXX_LIBRARY = "libc++";
				CLANG_ENABLE_MODULES = YES;
				CLANG_ENABLE_OBJC_ARC = YES;
				CLANG_WARN_BOOL_CONVERSION = YES;
				CLANG_WARN_CONSTANT_CONVERSION = YES;
				CLANG_WARN_DIRECT_OBJC_ISA_USAGE = YES_ERROR;
				CLANG_WARN_EMPTY_BODY = YES;
				CLANG_WARN_ENUM_CONVERSION = YES;
				CLANG_WARN_INT_CONVERSION = YES;
				CLANG_WARN_OBJC_ROOT_CLASS = YES_ERROR;
				CLANG_WARN_UNREACHABLE_CODE = YES;
				CLANG_WARN__DUPLICATE_METHOD_MATCH = YES;
				"CODE_SIGN_IDENTITY[sdk=iphoneos*]" = "iPhone Developer";
				COPY_PHASE_STRIP = NO;
				ENABLE_NS_ASSERTIONS = NO;
				ENABLE_STRICT_OBJC_MSGSEND = YES;
				GCC_C_LANGUAGE_STANDARD = gnu99;
				GCC_WARN_64_TO_32_BIT_CONVERSION = YES;
				GCC_WARN_ABOUT_RETURN_TYPE = YES_ERROR;
				GCC_WARN_UNDECLARED_SELECTOR = YES;
				GCC_WARN_UNINITIALIZED_AUTOS = YES_AGGRESSIVE;
				GCC_WARN_UNUSED_FUNCTION = YES;
				GCC_WARN_UNUSED_VARIABLE = YES;
				IPHONEOS_DEPLOYMENT_TARGET = 8.2;
				MTL_ENABLE_DEBUG_INFO = NO;
				SDKROOT = iphoneos;
				VALIDATE_PRODUCT = YES;
			};
			name = Release;
		};
		50A3A7841A7F505D00272B52 /* Debug */ = {
			isa = XCBuildConfiguration;
			baseConfigurationReference = 410403382C85673736F97229 /* Pods.debug.xcconfig */;
			buildSettings = {
				ASSETCATALOG_COMPILER_APPICON_NAME = AppIcon;
				INFOPLIST_FILE = ZHJWaterfall/Info.plist;
				IPHONEOS_DEPLOYMENT_TARGET = 7.1;
				LD_RUNPATH_SEARCH_PATHS = "$(inherited) @executable_path/Frameworks";
				PRODUCT_NAME = "$(TARGET_NAME)";
			};
			name = Debug;
		};
		50A3A7851A7F505D00272B52 /* Release */ = {
			isa = XCBuildConfiguration;
			baseConfigurationReference = 9A58E8A4A5A7A8673CE8E6EC /* Pods.release.xcconfig */;
			buildSettings = {
				ASSETCATALOG_COMPILER_APPICON_NAME = AppIcon;
				INFOPLIST_FILE = ZHJWaterfall/Info.plist;
				IPHONEOS_DEPLOYMENT_TARGET = 7.1;
				LD_RUNPATH_SEARCH_PATHS = "$(inherited) @executable_path/Frameworks";
				PRODUCT_NAME = "$(TARGET_NAME)";
			};
			name = Release;
		};
		50A3A7871A7F505D00272B52 /* Debug */ = {
			isa = XCBuildConfiguration;
			buildSettings = {
				BUNDLE_LOADER = "$(TEST_HOST)";
				FRAMEWORK_SEARCH_PATHS = (
					"$(SDKROOT)/Developer/Library/Frameworks",
					"$(inherited)",
				);
				GCC_PREPROCESSOR_DEFINITIONS = (
					"DEBUG=1",
					"$(inherited)",
				);
				INFOPLIST_FILE = ZHJWaterfallTests/Info.plist;
				LD_RUNPATH_SEARCH_PATHS = "$(inherited) @executable_path/Frameworks @loader_path/Frameworks";
				PRODUCT_NAME = "$(TARGET_NAME)";
				TEST_HOST = "$(BUILT_PRODUCTS_DIR)/ZHJWaterfall.app/ZHJWaterfall";
			};
			name = Debug;
		};
		50A3A7881A7F505D00272B52 /* Release */ = {
			isa = XCBuildConfiguration;
			buildSettings = {
				BUNDLE_LOADER = "$(TEST_HOST)";
				FRAMEWORK_SEARCH_PATHS = (
					"$(SDKROOT)/Developer/Library/Frameworks",
					"$(inherited)",
				);
				INFOPLIST_FILE = ZHJWaterfallTests/Info.plist;
				LD_RUNPATH_SEARCH_PATHS = "$(inherited) @executable_path/Frameworks @loader_path/Frameworks";
				PRODUCT_NAME = "$(TARGET_NAME)";
				TEST_HOST = "$(BUILT_PRODUCTS_DIR)/ZHJWaterfall.app/ZHJWaterfall";
			};
			name = Release;
		};
/* End XCBuildConfiguration section */

/* Begin XCConfigurationList section */
		50A3A75B1A7F505D00272B52 /* Build configuration list for PBXProject "ZHJWaterfall" */ = {
			isa = XCConfigurationList;
			buildConfigurations = (
				50A3A7811A7F505D00272B52 /* Debug */,
				50A3A7821A7F505D00272B52 /* Release */,
			);
			defaultConfigurationIsVisible = 0;
			defaultConfigurationName = Release;
		};
		50A3A7831A7F505D00272B52 /* Build configuration list for PBXNativeTarget "ZHJWaterfall" */ = {
			isa = XCConfigurationList;
			buildConfigurations = (
				50A3A7841A7F505D00272B52 /* Debug */,
				50A3A7851A7F505D00272B52 /* Release */,
			);
			defaultConfigurationIsVisible = 0;
			defaultConfigurationName = Release;
		};
		50A3A7861A7F505D00272B52 /* Build configuration list for PBXNativeTarget "ZHJWaterfallTests" */ = {
			isa = XCConfigurationList;
			buildConfigurations = (
				50A3A7871A7F505D00272B52 /* Debug */,
				50A3A7881A7F505D00272B52 /* Release */,
			);
			defaultConfigurationIsVisible = 0;
			defaultConfigurationName = Release;
		};
/* End XCConfigurationList section */
	};
	rootObject = 50A3A7581A7F505D00272B52 /* Project object */;
}
